PODS:
  - BEMCheckBox (1.4.0)
  - MMCardView (0.3.4)

DEPENDENCIES:
  - BEMCheckBox
  - MMCardView

SPEC CHECKSUMS:
  BEMCheckBox: e18e4a148905b290bd03d98b767651c104f4eda3
  MMCardView: f1b4049af89f0f0225525c478850df46ca0d7edd

PODFILE CHECKSUM: 84b21fa11e5c0482a0df502220a8e3dc0fe7d72d

COCOAPODS: 1.2.1
